github.com/aws/aws-sdk-go v1.28.11 h1:L2G5qI91s51cUP3hJli4mXRIZZ3alZHcwHWOJdMclKk=
github.com/aws/aws-sdk-go v1.28.11/go.mod h1:KmX6BPdI08NWTb3/sm4ZGu5ShLoqVDhKgpiN924inxo=
github.com/aws/aws-sdk-go-v2 v1.2.1 h1:055XAi+MtmhyYX161p+jWRibkCb9YpI2ymXZiW1dwVY=
github.com/aws/aws-sdk-go-v2 v1.2.1/go.mod h1:hTQc/9pYq5bfFACIUY9tc/2SYWd9Vnmw+testmuQeRY=
github.com/aws/aws-sdk-go-v2/config v1.1.2 h1:H2r6cwMvvINFpEC55Y7jcNaR/oc7zYIChrG2497wmBI=
github.com/aws/aws-sdk-go-v2/config v1.1.2/go.mod h1:77yIk+qmCS/94JlxbwV1d+YEyu6Z8FBlCGcSz3TdM6A=
github.com/aws/aws-sdk-go-v2/credentials v1.1.2 h1:YoNqfhxAJGZI+lStIbqgx30UcCqQ86fr7FjTLUvrFOc=
github.com/aws/aws-sdk-go-v2/credentials v1.1.2/go.mod h1:hofjw//lM0XLplgvzPPMA7oD0doQU1QpaIK1nweEEWg=
github.com/aws/aws-sdk-go-v2/feature/ec2/imds v1.0.3 h1:d3bKAGy4XdJyK8hz3Nx3WJJ4TCmYp2498G4mFY5wly0=
github.com/aws/aws-sdk-go-v2/feature/ec2/imds v1.0.3/go.mod h1:Zr1Mj+KUMGVQ+WJvTT68EZJxqhjiie2PWSPGEUPaNY0=
github.com/aws/aws-sdk-go-v2/service/internal/presigned-url v1.0.3 h1:dST4y8pZKZdTPs4uwXmGCJmpycz1SHKmCSIhf3GqHEo=
github.com/aws/aws-sdk-go-v2/service/internal/presigned-url v1.0.3/go.mod h1:C50Z41fJaJ7WgaeeCulOGAU3q4+4se4B3uOPFdhBi2I=
github.com/aws/aws-sdk-go-v2/service/sso v1.1.2 h1:9BnjX/ALn5uLo2DbgkwMpUkPL1VLQVBXcjZxqJBhf44=
github.com/aws/aws-sdk-go-v2/service/sso v1.1.2/go.mod h1:5yU1oE3+CVYYLUsaHt2AVU3CJJZ6ER4pwsrRD1L2KSc=
github.com/aws/aws-sdk-go-v2/service/sts v1.1.2 h1:7Kxqov7uQeP8WUEO0iHz3j9Bh0E1rJrn6cf/OGfcDds=
github.com/aws/aws-sdk-go-v2/service/sts v1.1.2/go.mod h1:zu7rotIY9P4Aoc6ytqLP9jeYrECDHUODB5Gbp+BSHl8=
github.com/aws/smithy-go v1.2.0 h1:0PoGBWXkXDIyVdPaZW9gMhaGzj3UOAgTdiVoHuuZAFA=
github.com/aws/smithy-go v1.2.0/go.mod h1:SObp3lf9smib00L/v3U2eAKG8FyQ7iLrJnQiAmR5n+E=
github.com/cenkalti/backoff v2.1.1+incompatible h1:tKJnvO2kl0zmb/jA5UKAt4VoEVw1qxKWjE/Bpp46npY=
github.com/cenkalti/backoff v2.1.1+incompatible/go.mod h1:90ReRw6GdpyfrHakVjL/QHaoyV4aDUVVkXQJJJ3NXXM=
github.com/davecgh/go-spew v1.1.0/go.mod h1:J7Y8YcW2NihsgmVo/mv3lAwl/skON4iLHjSsI+c5H38=
github.com/eclipse/paho.mqtt.golang v1.1.1 h1:iPJYXJLaViCshRTW/PSqImSS6HJ2Rf671WR0bXZ2GIU=
github.com/eclipse/paho.mqtt.golang v1.1.1/go.mod h1:H9keYFcgq3Qr5OUJm/JZI/i6U7joQ8SYLhZwfeOo6Ts=
github.com/google/go-cmp v0.5.4/go.mod h1:v8dTdLbMG2kIc/vJvl+f65V22dbkXbowE6jgT/gNBxE=
github.com/google/uuid v1.1.1/go.mod h1:TIyPZe4MgqvfeYDBFedMoGGpEw/LqOeaOT+nhxU+yHo=
github.com/gorilla/websocket v1.4.0/go.mod h1:E7qHFY5m1UJ88s3WnNqhKjPHQ0heANvMoAMk2YaljkQ=
github.com/graph-gophers/graphql-go v0.0.0-20190225005345-3e8838d4614c/go.mod h1:uJhtPXrcJLqyi0H5IuMFh+fgW+8cMMakK3Txrbk/WJE=
github.com/graphql-go/graphql v0.7.9 h1:5Va/Rt4l5g3YjwDnid3vFfn43faaQBq7rMcIZ0VnV34=
github.com/graphql-go/graphql v0.7.9/go.mod h1:k6yrAYQaSP59DC5UVxbgxESlmVyojThKdORUqGDGmrI=
github.com/jmespath/go-jmespath v0.0.0-20180206201540-c2b33e8439af/go.mod h1:Nht3zPeWKUH0NzdCt2Blrr5ys8VGpn0CEB0cQHVjt7k=
github.com/jmespath/go-jmespath v0.4.0 h1:BEgLn5cpjn8UN1mAw4NjwDrS35OdebyEtFe+9YPoQUg=
github.com/jmespath/go-jmespath v0.4.0/go.mod h1:T8mJZnbsbmF+m6zOOFylbeCJqk5+pHWvzYPziyZiYoo=
github.com/jmespath/go-jmespath/internal/testify v1.5.1/go.mod h1:L3OGu8Wl2/fWfCI6z80xFu9LTZmf1ZRjMHUOPmWr69U=
github.com/k0kubun/colorstring v0.0.0-20150214042306-9440f1994b88/go.mod h1:3w7q1U84EfirKl04SVQ/s7nPm1ZPhiXd34z40TNz36k=
github.com/k0kubun/pp v3.0.1+incompatible/go.mod h1:GWse8YhT0p8pT4ir3ZgBbfZild3tgzSScAn6HmfYukg=
github.com/machinebox/graphql v0.2.2 h1:dWKpJligYKhYKO5A2gvNhkJdQMNZeChZYyBbrZkBZfo=
github.com/machinebox/graphql v0.2.2/go.mod h1:F+kbVMHuwrQ5tYgU9JXlnskM8nOaFxCAEolaQybkjWA=
github.com/mattn/go-colorable v0.1.4/go.mod h1:U0ppj6V5qS13XJ6of8GYAs25YV2eR4EVcfRqFIhoBtE=
github.com/mattn/go-isatty v0.0.8/go.mod h1:Iq45c/XA43vh69/j3iqttzPXn0bhXyGjM0Hdxcsrc5s=
github.com/opentracing/opentracing-go v1.0.2/go.mod h1:UkNAQd3GIcIGf0SeVgPpRdFStlNbqXla1AfSYxPUl2o=
github.com/pkg/errors v0.9.1 h1:FEBLx1zS214owpjy7qsBeixbURkuhQAwrK5UwLGTwt4=
github.com/pkg/errors v0.9.1/go.mod h1:bwawxfHBFNV+L2hUp1rHADufV3IMtnDRdf1r5NINEl0=
github.com/pmezard/go-difflib v1.0.0/go.mod h1:iKH77koFhYxTK1pcRnkKkqfTogsbg7gZNVY4sRDYZ/4=
github.com/sony/appsync-client-go v1.1.0 h1:WnDO4dqMEUxDSNAPA5EK4CUVhKVLu7bExWWgrdbZR8E=
github.com/sony/appsync-client-go v1.1.0/go.mod h1:EyTLh2jZqu37x2z14Y8rXlOOWHJs9KecZkMx6H3XR78=
github.com/stretchr/objx v0.1.0/go.mod h1:HFkY916IF+rwdDfMAkV7OtwuqBVzrE8GR6GFx+wExME=
github.com/stretchr/testify v1.3.0/go.mod h1:M5WIy9Dh21IEIfnGCwXGc5bZfKNJtfHm1UVUgZn+9EI=
golang.org/x/net v0.0.0-20181220203305-927f97764cc3 h1:eH6Eip3UpmR+yM/qI9Ijluzb1bNv/cAU/n+6l8tRSis=
golang.org/x/net v0.0.0-20181220203305-927f97764cc3/go.mod h1:mL1N/T3taQHkDXs73rZJwtUhF3w3ftmwwsq0BUmARs4=
golang.org/x/sys v0.0.0-20190222072716-a9d3bda3a223/go.mod h1:STP8DvDyc/dI5b8T5hshtkjS+E42TnysNCUPdjciGhY=
golang.org/x/text v0.3.2/go.mod h1:bEr9sfX3Q8Zfm5fL9x+3itogRgK3+ptLWKqgva+5dAk=
golang.org/x/tools v0.0.0-20180917221912-90fa682c2a6e/go.mod h1:n7NCudcB/nEzxVGmLbDWY5pfWTLqBcC2KZ6jyYvM4mQ=
golang.org/x/xerrors v0.0.0-20191204190536-9bdfabe68543/go.mod h1:I/5z698sn9Ka8TeJc9MKroUUfqBBauWjQqLJ2OPfmY0=
gopkg.in/check.v1 v0.0.0-20161208181325-20d25e280405/go.mod h1:Co6ibVJAznAaIkqp8huTwlJQCZ016jof/cbN4VW5Yz0=
gopkg.in/yaml.v2 v2.2.8/go.mod h1:hI93XBmqTisBFMUTm0b8Fm+jr3Dg1NNxqwp+5A1VGuI=
